// !$*UTF8*$!
{
	archiveVersion = 1;
	classes = {
	};
	objectVersion = 56;
	objects = {

/* Begin PBXBuildFile section */
		DD1D09972B860C1B0043217D /* RegexPatterns.swift in Sources */ = {isa = PBXBuildFile; fileRef = DD1D09962B860C1B0043217D /* RegexPatterns.swift */; };
		DD1D09992B861EC90043217D /* UITextField+Validation.swift in Sources */ = {isa = PBXBuildFile; fileRef = DD1D09982B861EC90043217D /* UITextField+Validation.swift */; };
		DD28EAA12B89F21F002801D0 /* RegexFormItem.swift in Sources */ = {isa = PBXBuildFile; fileRef = DD28EAA02B89F21F002801D0 /* RegexFormItem.swift */; };
		DD28EAA42B89F269002801D0 /* ValidationError .swift in Sources */ = {isa = PBXBuildFile; fileRef = DD28EAA32B89F269002801D0 /* ValidationError .swift */; };
		DD2BE6362B85265900837E0A /* AppDelegate.swift in Sources */ = {isa = PBXBuildFile; fileRef = DD2BE6352B85265900837E0A /* AppDelegate.swift */; };
		DD2BE6382B85265900837E0A /* SceneDelegate.swift in Sources */ = {isa = PBXBuildFile; fileRef = DD2BE6372B85265900837E0A /* SceneDelegate.swift */; };
		DD2BE63A2B85265900837E0A /* ViewController.swift in Sources */ = {isa = PBXBuildFile; fileRef = DD2BE6392B85265900837E0A /* ViewController.swift */; };
		DD2BE63D2B85265900837E0A /* Main.storyboard in Resources */ = {isa = PBXBuildFile; fileRef = DD2BE63B2B85265900837E0A /* Main.storyboard */; };
		DD2BE63F2B85265A00837E0A /* Assets.xcassets in Resources */ = {isa = PBXBuildFile; fileRef = DD2BE63E2B85265A00837E0A /* Assets.xcassets */; };
		DD2BE6422B85265A00837E0A /* LaunchScreen.storyboard in Resources */ = {isa = PBXBuildFile; fileRef = DD2BE6402B85265A00837E0A /* LaunchScreen.storyboard */; };
		DD2BE64B2B8526BB00837E0A /* FormModel.swift in Sources */ = {isa = PBXBuildFile; fileRef = DD2BE64A2B8526BB00837E0A /* FormModel.swift */; };
		DD2BE64E2B852B8F00837E0A /* FormContentBuilder.swift in Sources */ = {isa = PBXBuildFile; fileRef = DD2BE64D2B852B8F00837E0A /* FormContentBuilder.swift */; };
		DD2BE6512B852CC000837E0A /* UITableViewCell+Identifier.swift in Sources */ = {isa = PBXBuildFile; fileRef = DD2BE6502B852CC000837E0A /* UITableViewCell+Identifier.swift */; };
		DD2BE6532B852D3500837E0A /* UITableViewCell+ReuseCleanUp.swift in Sources */ = {isa = PBXBuildFile; fileRef = DD2BE6522B852D3500837E0A /* UITableViewCell+ReuseCleanUp.swift */; };
		DD2BE6562B852DE800837E0A /* FormButtonCollectionViewCell.swift in Sources */ = {isa = PBXBuildFile; fileRef = DD2BE6552B852DE800837E0A /* FormButtonCollectionViewCell.swift */; };
		DD2BE6582B852FC700837E0A /* FormTextCollectionViewCell.swift in Sources */ = {isa = PBXBuildFile; fileRef = DD2BE6572B852FC700837E0A /* FormTextCollectionViewCell.swift */; };
		DD2BE65A2B85317300837E0A /* FormDateCollectionViewCell.swift in Sources */ = {isa = PBXBuildFile; fileRef = DD2BE6592B85317300837E0A /* FormDateCollectionViewCell.swift */; };
		DD2BE65D2B8532A600837E0A /* FormCompositionalLayout.swift in Sources */ = {isa = PBXBuildFile; fileRef = DD2BE65C2B8532A600837E0A /* FormCompositionalLayout.swift */; };
/* End PBXBuildFile section */

/* Begin PBXFileReference section */
		DD1D09962B860C1B0043217D /* RegexPatterns.swift */ = {isa = PBXFileReference; lastKnownFileType = sourcecode.swift; path = RegexPatterns.swift; sourceTree = "<group>"; };
		DD1D09982B861EC90043217D /* UITextField+Validation.swift */ = {isa = PBXFileReference; lastKnownFileType = sourcecode.swift; path = "UITextField+Validation.swift"; sourceTree = "<group>"; };
		DD28EAA02B89F21F002801D0 /* RegexFormItem.swift */ = {isa = PBXFileReference; lastKnownFileType = sourcecode.swift; path = RegexFormItem.swift; sourceTree = "<group>"; };
		DD28EAA32B89F269002801D0 /* ValidationError .swift */ = {isa = PBXFileReference; lastKnownFileType = sourcecode.swift; path = "ValidationError .swift"; sourceTree = "<group>"; };
		DD2BE6322B85265900837E0A /* DynamicForm.app */ = {isa = PBXFileReference; explicitFileType = wrapper.application; includeInIndex = 0; path = DynamicForm.app; sourceTree = BUILT_PRODUCTS_DIR; };
		DD2BE6352B85265900837E0A /* AppDelegate.swift */ = {isa = PBXFileReference; lastKnownFileType = sourcecode.swift; path = AppDelegate.swift; sourceTree = "<group>"; };
		DD2BE6372B85265900837E0A /* SceneDelegate.swift */ = {isa = PBXFileReference; lastKnownFileType = sourcecode.swift; path = SceneDelegate.swift; sourceTree = "<group>"; };
		DD2BE6392B85265900837E0A /* ViewController.swift */ = {isa = PBXFileReference; lastKnownFileType = sourcecode.swift; path = ViewController.swift; sourceTree = "<group>"; };
		DD2BE63C2B85265900837E0A /* Base */ = {isa = PBXFileReference; lastKnownFileType = file.storyboard; name = Base; path = Base.lproj/Main.storyboard; sourceTree = "<group>"; };
		DD2BE63E2B85265A00837E0A /* Assets.xcassets */ = {isa = PBXFileReference; lastKnownFileType = folder.assetcatalog; path = Assets.xcassets; sourceTree = "<group>"; };
		DD2BE6412B85265A00837E0A /* Base */ = {isa = PBXFileReference; lastKnownFileType = file.storyboard; name = Base; path = Base.lproj/LaunchScreen.storyboard; sourceTree = "<group>"; };
		DD2BE6432B85265A00837E0A /* Info.plist */ = {isa = PBXFileReference; lastKnownFileType = text.plist.xml; path = Info.plist; sourceTree = "<group>"; };
		DD2BE64A2B8526BB00837E0A /* FormModel.swift */ = {isa = PBXFileReference; lastKnownFileType = sourcecode.swift; path = FormModel.swift; sourceTree = "<group>"; };
		DD2BE64D2B852B8F00837E0A /* FormContentBuilder.swift */ = {isa = PBXFileReference; lastKnownFileType = sourcecode.swift; path = FormContentBuilder.swift; sourceTree = "<group>"; };
		DD2BE6502B852CC000837E0A /* UITableViewCell+Identifier.swift */ = {isa = PBXFileReference; lastKnownFileType = sourcecode.swift; path = "UITableViewCell+Identifier.swift"; sourceTree = "<group>"; };
		DD2BE6522B852D3500837E0A /* UITableViewCell+ReuseCleanUp.swift */ = {isa = PBXFileReference; lastKnownFileType = sourcecode.swift; path = "UITableViewCell+ReuseCleanUp.swift"; sourceTree = "<group>"; };
		DD2BE6552B852DE800837E0A /* FormButtonCollectionViewCell.swift */ = {isa = PBXFileReference; lastKnownFileType = sourcecode.swift; path = FormButtonCollectionViewCell.swift; sourceTree = "<group>"; };
		DD2BE6572B852FC700837E0A /* FormTextCollectionViewCell.swift */ = {isa = PBXFileReference; lastKnownFileType = sourcecode.swift; path = FormTextCollectionViewCell.swift; sourceTree = "<group>"; };
		DD2BE6592B85317300837E0A /* FormDateCollectionViewCell.swift */ = {isa = PBXFileReference; lastKnownFileType = sourcecode.swift; path = FormDateCollectionViewCell.swift; sourceTree = "<group>"; };
		DD2BE65C2B8532A600837E0A /* FormCompositionalLayout.swift */ = {isa = PBXFileReference; lastKnownFileType = sourcecode.swift; path = FormCompositionalLayout.swift; sourceTree = "<group>"; };
/* End PBXFileReference section */

/* Begin PBXFrameworksBuildPhase section */
		DD2BE62F2B85265900837E0A /* Frameworks */ = {
			isa = PBXFrameworksBuildPhase;
			buildActionMask = 2147483647;
			files = (
			);
			runOnlyForDeploymentPostprocessing = 0;
		};
/* End PBXFrameworksBuildPhase section */

/* Begin PBXGroup section */
		DD1D09942B860B800043217D /* Regex */ = {
			isa = PBXGroup;
			children = (
				DD28EAA22B89F257002801D0 /* Error */,
				DD28EA9F2B89F202002801D0 /* Model */,
				DD1D09952B860BA40043217D /* Patterns */,
			);
			path = Regex;
			sourceTree = "<group>";
		};
		DD1D09952B860BA40043217D /* Patterns */ = {
			isa = PBXGroup;
			children = (
				DD1D09962B860C1B0043217D /* RegexPatterns.swift */,
			);
			path = Patterns;
			sourceTree = "<group>";
		};
		DD28EA9F2B89F202002801D0 /* Model */ = {
			isa = PBXGroup;
			children = (
				DD28EAA02B89F21F002801D0 /* RegexFormItem.swift */,
			);
			path = Model;
			sourceTree = "<group>";
		};
		DD28EAA22B89F257002801D0 /* Error */ = {
			isa = PBXGroup;
			children = (
				DD28EAA32B89F269002801D0 /* ValidationError .swift */,
			);
			path = Error;
			sourceTree = "<group>";
		};
		DD2BE6292B85265900837E0A = {
			isa = PBXGroup;
			children = (
				DD2BE6342B85265900837E0A /* DynamicForm */,
				DD2BE6332B85265900837E0A /* Products */,
			);
			sourceTree = "<group>";
		};
		DD2BE6332B85265900837E0A /* Products */ = {
			isa = PBXGroup;
			children = (
				DD2BE6322B85265900837E0A /* DynamicForm.app */,
			);
			name = Products;
			sourceTree = "<group>";
		};
		DD2BE6342B85265900837E0A /* DynamicForm */ = {
			isa = PBXGroup;
			children = (
				DD1D09942B860B800043217D /* Regex */,
				DD2BE65B2B85328700837E0A /* Layout */,
				DD2BE64C2B852B7300837E0A /* Builder */,
				DD2BE6492B8526AA00837E0A /* Model */,
				DD2BE64F2B852CA100837E0A /* Extensions */,
				DD2BE6542B852DA200837E0A /* Views */,
				DD2BE6352B85265900837E0A /* AppDelegate.swift */,
				DD2BE6372B85265900837E0A /* SceneDelegate.swift */,
				DD2BE6392B85265900837E0A /* ViewController.swift */,
				DD2BE63B2B85265900837E0A /* Main.storyboard */,
				DD2BE63E2B85265A00837E0A /* Assets.xcassets */,
				DD2BE6402B85265A00837E0A /* LaunchScreen.storyboard */,
				DD2BE6432B85265A00837E0A /* Info.plist */,
			);
			path = DynamicForm;
			sourceTree = "<group>";
		};
		DD2BE6492B8526AA00837E0A /* Model */ = {
			isa = PBXGroup;
			children = (
				DD2BE64A2B8526BB00837E0A /* FormModel.swift */,
			);
			path = Model;
			sourceTree = "<group>";
		};
		DD2BE64C2B852B7300837E0A /* Builder */ = {
			isa = PBXGroup;
			children = (
				DD2BE64D2B852B8F00837E0A /* FormContentBuilder.swift */,
			);
			path = Builder;
			sourceTree = "<group>";
		};
		DD2BE64F2B852CA100837E0A /* Extensions */ = {
			isa = PBXGroup;
			children = (
				DD2BE6502B852CC000837E0A /* UITableViewCell+Identifier.swift */,
				DD2BE6522B852D3500837E0A /* UITableViewCell+ReuseCleanUp.swift */,
				DD1D09982B861EC90043217D /* UITextField+Validation.swift */,
			);
			path = Extensions;
			sourceTree = "<group>";
		};
		DD2BE6542B852DA200837E0A /* Views */ = {
			isa = PBXGroup;
			children = (
				DD2BE6552B852DE800837E0A /* FormButtonCollectionViewCell.swift */,
				DD2BE6572B852FC700837E0A /* FormTextCollectionViewCell.swift */,
				DD2BE6592B85317300837E0A /* FormDateCollectionViewCell.swift */,
			);
			path = Views;
			sourceTree = "<group>";
		};
		DD2BE65B2B85328700837E0A /* Layout */ = {
			isa = PBXGroup;
			children = (
				DD2BE65C2B8532A600837E0A /* FormCompositionalLayout.swift */,
			);
			path = Layout;
			sourceTree = "<group>";
		};
/* End PBXGroup section */

/* Begin PBXNativeTarget section */
		DD2BE6312B85265900837E0A /* DynamicForm */ = {
			isa = PBXNativeTarget;
			buildConfigurationList = DD2BE6462B85265A00837E0A /* Build configuration list for PBXNativeTarget "DynamicForm" */;
			buildPhases = (
				DD2BE62E2B85265900837E0A /* Sources */,
				DD2BE62F2B85265900837E0A /* Frameworks */,
				DD2BE6302B85265900837E0A /* Resources */,
			);
			buildRules = (
			);
			dependencies = (
			);
			name = DynamicForm;
			productName = DynamicForm;
			productReference = DD2BE6322B85265900837E0A /* DynamicForm.app */;
			productType = "com.apple.product-type.application";
		};
/* End PBXNativeTarget section */

/* Begin PBXProject section */
		DD2BE62A2B85265900837E0A /* Project object */ = {
			isa = PBXProject;
			attributes = {
				BuildIndependentTargetsInParallel = 1;
				LastSwiftUpdateCheck = 1520;
				LastUpgradeCheck = 1520;
				TargetAttributes = {
					DD2BE6312B85265900837E0A = {
						CreatedOnToolsVersion = 15.2;
					};
				};
			};
			buildConfigurationList = DD2BE62D2B85265900837E0A /* Build configuration list for PBXProject "DynamicForm" */;
			compatibilityVersion = "Xcode 14.0";
			developmentRegion = en;
			hasScannedForEncodings = 0;
			knownRegions = (
				en,
				Base,
			);
			mainGroup = DD2BE6292B85265900837E0A;
			productRefGroup = DD2BE6332B85265900837E0A /* Products */;
			projectDirPath = "";
			projectRoot = "";
			targets = (
				DD2BE6312B85265900837E0A /* DynamicForm */,
			);
		};
/* End PBXProject section */

/* Begin PBXResourcesBuildPhase section */
		DD2BE6302B85265900837E0A /* Resources */ = {
			isa = PBXResourcesBuildPhase;
			buildActionMask = 2147483647;
			files = (
				DD2BE6422B85265A00837E0A /* LaunchScreen.storyboard in Resources */,
				DD2BE63F2B85265A00837E0A /* Assets.xcassets in Resources */,
				DD2BE63D2B85265900837E0A /* Main.storyboard in Resources */,
			);
			runOnlyForDeploymentPostprocessing = 0;
		};
/* End PBXResourcesBuildPhase section */

/* Begin PBXSourcesBuildPhase section */
		DD2BE62E2B85265900837E0A /* Sources */ = {
			isa = PBXSourcesBuildPhase;
			buildActionMask = 2147483647;
			files = (
				DD28EAA12B89F21F002801D0 /* RegexFormItem.swift in Sources */,
				DD2BE63A2B85265900837E0A /* ViewController.swift in Sources */,
				DD2BE65D2B8532A600837E0A /* FormCompositionalLayout.swift in Sources */,
				DD1D09992B861EC90043217D /* UITextField+Validation.swift in Sources */,
				DD2BE6362B85265900837E0A /* AppDelegate.swift in Sources */,
				DD2BE6532B852D3500837E0A /* UITableViewCell+ReuseCleanUp.swift in Sources */,
				DD2BE64E2B852B8F00837E0A /* FormContentBuilder.swift in Sources */,
				DD2BE65A2B85317300837E0A /* FormDateCollectionViewCell.swift in Sources */,
				DD2BE6562B852DE800837E0A /* FormButtonCollectionViewCell.swift in Sources */,
				DD28EAA42B89F269002801D0 /* ValidationError .swift in Sources */,
				DD2BE6512B852CC000837E0A /* UITableViewCell+Identifier.swift in Sources */,
				DD2BE6382B85265900837E0A /* SceneDelegate.swift in Sources */,
				DD2BE6582B852FC700837E0A /* FormTextCollectionViewCell.swift in Sources */,
				DD1D09972B860C1B0043217D /* RegexPatterns.swift in Sources */,
				DD2BE64B2B8526BB00837E0A /* FormModel.swift in Sources */,
			);
			runOnlyForDeploymentPostprocessing = 0;
		};
/* End PBXSourcesBuildPhase section */

/* Begin PBXVariantGroup section */
		DD2BE63B2B85265900837E0A /* Main.storyboard */ = {
			isa = PBXVariantGroup;
			children = (
				DD2BE63C2B85265900837E0A /* Base */,
			);
			name = Main.storyboard;
			sourceTree = "<group>";
		};
		DD2BE6402B85265A00837E0A /* LaunchScreen.storyboard */ = {
			isa = PBXVariantGroup;
			children = (
				DD2BE6412B85265A00837E0A /* Base */,
			);
			name = LaunchScreen.storyboard;
			sourceTree = "<group>";
		};
/* End PBXVariantGroup section */

/* Begin XCBuildConfiguration section */
		DD2BE6442B85265A00837E0A /* Debug */ = {
			isa = XCBuildConfiguration;
			buildSettings = {
				ALWAYS_SEARCH_USER_PATHS = NO;
				ASSETCATALOG_COMPILER_GENERATE_SWIFT_ASSET_SYMBOL_EXTENSIONS = YES;
				CLANG_ANALYZER_NONNULL = YES;
				CLANG_ANALYZER_NUMBER_OBJECT_CONVERSION = YES_AGGRESSIVE;
				CLANG_CXX_LANGUAGE_STANDARD = "gnu++20";
				CLANG_ENABLE_MODULES = YES;
				CLANG_ENABLE_OBJC_ARC = YES;
				CLANG_ENABLE_OBJC_WEAK = YES;
				CLANG_WARN_BLOCK_CAPTURE_AUTORELEASING = YES;
				CLANG_WARN_BOOL_CONVERSION = YES;
				CLANG_WARN_COMMA = YES;
				CLANG_WARN_CONSTANT_CONVERSION = YES;
				CLANG_WARN_DEPRECATED_OBJC_IMPLEMENTATIONS = YES;
				CLANG_WARN_DIRECT_OBJC_ISA_USAGE = YES_ERROR;
				CLANG_WARN_DOCUMENTATION_COMMENTS = YES;
				CLANG_WARN_EMPTY_BODY = YES;
				CLANG_WARN_ENUM_CONVERSION = YES;
				CLANG_WARN_INFINITE_RECURSION = YES;
				CLANG_WARN_INT_CONVERSION = YES;
				CLANG_WARN_NON_LITERAL_NULL_CONVERSION = YES;
				CLANG_WARN_OBJC_IMPLICIT_RETAIN_SELF = YES;
				CLANG_WARN_OBJC_LITERAL_CONVERSION = YES;
				CLANG_WARN_OBJC_ROOT_CLASS = YES_ERROR;
				CLANG_WARN_QUOTED_INCLUDE_IN_FRAMEWORK_HEADER = YES;
				CLANG_WARN_RANGE_LOOP_ANALYSIS = YES;
				CLANG_WARN_STRICT_PROTOTYPES = YES;
				CLANG_WARN_SUSPICIOUS_MOVE = YES;
				CLANG_WARN_UNGUARDED_AVAILABILITY = YES_AGGRESSIVE;
				CLANG_WARN_UNREACHABLE_CODE = YES;
				CLANG_WARN__DUPLICATE_METHOD_MATCH = YES;
				COPY_PHASE_STRIP = NO;
				DEBUG_INFORMATION_FORMAT = dwarf;
				ENABLE_STRICT_OBJC_MSGSEND = YES;
				ENABLE_TESTABILITY = YES;
				ENABLE_USER_SCRIPT_SANDBOXING = YES;
				GCC_C_LANGUAGE_STANDARD = gnu17;
				GCC_DYNAMIC_NO_PIC = NO;
				GCC_NO_COMMON_BLOCKS = YES;
				GCC_OPTIMIZATION_LEVEL = 0;
				GCC_PREPROCESSOR_DEFINITIONS = (
					"DEBUG=1",
					"$(inherited)",
				);
				GCC_WARN_64_TO_32_BIT_CONVERSION = YES;
				GCC_WARN_ABOUT_RETURN_TYPE = YES_ERROR;
				GCC_WARN_UNDECLARED_SELECTOR = YES;
				GCC_WARN_UNINITIALIZED_AUTOS = YES_AGGRESSIVE;
				GCC_WARN_UNUSED_FUNCTION = YES;
				GCC_WARN_UNUSED_VARIABLE = YES;
				IPHONEOS_DEPLOYMENT_TARGET = 17.2;
				LOCALIZATION_PREFERS_STRING_CATALOGS = YES;
				MTL_ENABLE_DEBUG_INFO = INCLUDE_SOURCE;
				MTL_FAST_MATH = YES;
				ONLY_ACTIVE_ARCH = YES;
				SDKROOT = iphoneos;
				SWIFT_ACTIVE_COMPILATION_CONDITIONS = "DEBUG $(inherited)";
				SWIFT_OPTIMIZATION_LEVEL = "-Onone";
			};
			name = Debug;
		};
		DD2BE6452B85265A00837E0A /* Release */ = {
			isa = XCBuildConfiguration;
			buildSettings = {
				ALWAYS_SEARCH_USER_PATHS = NO;
				ASSETCATALOG_COMPILER_GENERATE_SWIFT_ASSET_SYMBOL_EXTENSIONS = YES;
				CLANG_ANALYZER_NONNULL = YES;
				CLANG_ANALYZER_NUMBER_OBJECT_CONVERSION = YES_AGGRESSIVE;
				CLANG_CXX_LANGUAGE_STANDARD = "gnu++20";
				CLANG_ENABLE_MODULES = YES;
				CLANG_ENABLE_OBJC_ARC = YES;
				CLANG_ENABLE_OBJC_WEAK = YES;
				CLANG_WARN_BLOCK_CAPTURE_AUTORELEASING = YES;
				CLANG_WARN_BOOL_CONVERSION = YES;
				CLANG_WARN_COMMA = YES;
				CLANG_WARN_CONSTANT_CONVERSION = YES;
				CLANG_WARN_DEPRECATED_OBJC_IMPLEMENTATIONS = YES;
				CLANG_WARN_DIRECT_OBJC_ISA_USAGE = YES_ERROR;
				CLANG_WARN_DOCUMENTATION_COMMENTS = YES;
				CLANG_WARN_EMPTY_BODY = YES;
				CLANG_WARN_ENUM_CONVERSION = YES;
				CLANG_WARN_INFINITE_RECURSION = YES;
				CLANG_WARN_INT_CONVERSION = YES;
				CLANG_WARN_NON_LITERAL_NULL_CONVERSION = YES;
				CLANG_WARN_OBJC_IMPLICIT_RETAIN_SELF = YES;
				CLANG_WARN_OBJC_LITERAL_CONVERSION = YES;
				CLANG_WARN_OBJC_ROOT_CLASS = YES_ERROR;
				CLANG_WARN_QUOTED_INCLUDE_IN_FRAMEWORK_HEADER = YES;
				CLANG_WARN_RANGE_LOOP_ANALYSIS = YES;
				CLANG_WARN_STRICT_PROTOTYPES = YES;
				CLANG_WARN_SUSPICIOUS_MOVE = YES;
				CLANG_WARN_UNGUARDED_AVAILABILITY = YES_AGGRESSIVE;
				CLANG_WARN_UNREACHABLE_CODE = YES;
				CLANG_WARN__DUPLICATE_METHOD_MATCH = YES;
				COPY_PHASE_STRIP = NO;
				DEBUG_INFORMATION_FORMAT = "dwarf-with-dsym";
				ENABLE_NS_ASSERTIONS = NO;
				ENABLE_STRICT_OBJC_MSGSEND = YES;
				ENABLE_USER_SCRIPT_SANDBOXING = YES;
				GCC_C_LANGUAGE_STANDARD = gnu17;
				GCC_NO_COMMON_BLOCKS = YES;
				GCC_WARN_64_TO_32_BIT_CONVERSION = YES;
				GCC_WARN_ABOUT_RETURN_TYPE = YES_ERROR;
				GCC_WARN_UNDECLARED_SELECTOR = YES;
				GCC_WARN_UNINITIALIZED_AUTOS = YES_AGGRESSIVE;
				GCC_WARN_UNUSED_FUNCTION = YES;
				GCC_WARN_UNUSED_VARIABLE = YES;
				IPHONEOS_DEPLOYMENT_TARGET = 17.2;
				LOCALIZATION_PREFERS_STRING_CATALOGS = YES;
				MTL_ENABLE_DEBUG_INFO = NO;
				MTL_FAST_MATH = YES;
				SDKROOT = iphoneos;
				SWIFT_COMPILATION_MODE = wholemodule;
				VALIDATE_PRODUCT = YES;
			};
			name = Release;
		};
		DD2BE6472B85265A00837E0A /* Debug */ = {
			isa = XCBuildConfiguration;
			buildSettings = {
				ASSETCATALOG_COMPILER_APPICON_NAME = AppIcon;
				ASSETCATALOG_COMPILER_GLOBAL_ACCENT_COLOR_NAME = AccentColor;
				CODE_SIGN_STYLE = Automatic;
				CURRENT_PROJECT_VERSION = 1;
				DEVELOPMENT_TEAM = W49998LVKV;
				GENERATE_INFOPLIST_FILE = YES;
				INFOPLIST_FILE = DynamicForm/Info.plist;
				INFOPLIST_KEY_UIApplicationSupportsIndirectInputEvents = YES;
				INFOPLIST_KEY_UILaunchStoryboardName = LaunchScreen;
				INFOPLIST_KEY_UIMainStoryboardFile = Main;
				INFOPLIST_KEY_UISupportedInterfaceOrientations_iPad = "UIInterfaceOrientationPortrait UIInterfaceOrientationPortraitUpsideDown UIInterfaceOrientationLandscapeLeft UIInterfaceOrientationLandscapeRight";
				INFOPLIST_KEY_UISupportedInterfaceOrientations_iPhone = "UIInterfaceOrientationPortrait UIInterfaceOrientationLandscapeLeft UIInterfaceOrientationLandscapeRight";
				LD_RUNPATH_SEARCH_PATHS = (
					"$(inherited)",
					"@executable_path/Frameworks",
				);
				MARKETING_VERSION = 1.0;
				PRODUCT_BUNDLE_IDENTIFIER = com.olegplugaru.DynamicForm;
				PRODUCT_NAME = "$(TARGET_NAME)";
				SWIFT_EMIT_LOC_STRINGS = YES;
				SWIFT_VERSION = 5.0;
				TARGETED_DEVICE_FAMILY = "1,2";
			};
			name = Debug;
		};
		DD2BE6482B85265A00837E0A /* Release */ = {
			isa = XCBuildConfiguration;
			buildSettings = {
				ASSETCATALOG_COMPILER_APPICON_NAME = AppIcon;
				ASSETCATALOG_COMPILER_GLOBAL_ACCENT_COLOR_NAME = AccentColor;
				CODE_SIGN_STYLE = Automatic;
				CURRENT_PROJECT_VERSION = 1;
				DEVELOPMENT_TEAM = W49998LVKV;
				GENERATE_INFOPLIST_FILE = YES;
				INFOPLIST_FILE = DynamicForm/Info.plist;
				INFOPLIST_KEY_UIApplicationSupportsIndirectInputEvents = YES;
				INFOPLIST_KEY_UILaunchStoryboardName = LaunchScreen;
				INFOPLIST_KEY_UIMainStoryboardFile = Main;
				INFOPLIST_KEY_UISupportedInterfaceOrientations_iPad = "UIInterfaceOrientationPortrait UIInterfaceOrientationPortraitUpsideDown UIInterfaceOrientationLandscapeLeft UIInterfaceOrientationLandscapeRight";
				INFOPLIST_KEY_UISupportedInterfaceOrientations_iPhone = "UIInterfaceOrientationPortrait UIInterfaceOrientationLandscapeLeft UIInterfaceOrientationLandscapeRight";
				LD_RUNPATH_SEARCH_PATHS = (
					"$(inherited)",
					"@executable_path/Frameworks",
				);
				MARKETING_VERSION = 1.0;
				PRODUCT_BUNDLE_IDENTIFIER = com.olegplugaru.DynamicForm;
				PRODUCT_NAME = "$(TARGET_NAME)";
				SWIFT_EMIT_LOC_STRINGS = YES;
				SWIFT_VERSION = 5.0;
				TARGETED_DEVICE_FAMILY = "1,2";
			};
			name = Release;
		};
/* End XCBuildConfiguration section */

/* Begin XCConfigurationList section */
		DD2BE62D2B85265900837E0A /* Build configuration list for PBXProject "DynamicForm" */ = {
			isa = XCConfigurationList;
			buildConfigurations = (
				DD2BE6442B85265A00837E0A /* Debug */,
				DD2BE6452B85265A00837E0A /* Release */,
			);
			defaultConfigurationIsVisible = 0;
			defaultConfigurationName = Release;
		};
		DD2BE6462B85265A00837E0A /* Build configuration list for PBXNativeTarget "DynamicForm" */ = {
			isa = XCConfigurationList;
			buildConfigurations = (
				DD2BE6472B85265A00837E0A /* Debug */,
				DD2BE6482B85265A00837E0A /* Release */,
			);
			defaultConfigurationIsVisible = 0;
			defaultConfigurationName = Release;
		};
/* End XCConfigurationList section */
	};
	rootObject = DD2BE62A2B85265900837E0A /* Project object */;
}
